// !$*UTF8*$!
{
	archiveVersion = 1;
	classes = {
	};
	objectVersion = 77;
	objects = {

/* Begin PBXBuildFile section */
		86418C802FAB266200561532 /* Assets.xcassets in Resources */ = {isa = PBXBuildFile; fileRef = 86418C7C2FAB266200561532 /* Assets.xcassets */; };
		86418C812FAB266200561532 /* ContentView.swift in Sources */ = {isa = PBXBuildFile; fileRef = 86418C7D2FAB266200561532 /* ContentView.swift */; };
		86418C822FAB266200561532 /* DeleteRuleApp.swift in Sources */ = {isa = PBXBuildFile; fileRef = 86418C7E2FAB266200561532 /* DeleteRuleApp.swift */; };
		86418C8C2FAB27B700561532 /* ModelOneOneUnidir.swift in Sources */ = {isa = PBXBuildFile; fileRef = 86418C842FAB27B700561532 /* ModelOneOneUnidir.swift */; };
		86418C8D2FAB27B700561532 /* ModelOneManyUnidir1.swift in Sources */ = {isa = PBXBuildFile; fileRef = 86418C862FAB27B700561532 /* ModelOneManyUnidir1.swift */; };
		86418C8E2FAB27B700561532 /* ModelOneManyBidir.swift in Sources */ = {isa = PBXBuildFile; fileRef = 86418C882FAB27B700561532 /* ModelOneManyBidir.swift */; };
		86418C8F2FAB27B700561532 /* ModelManyManyUnidir.swift in Sources */ = {isa = PBXBuildFile; fileRef = 86418C892FAB27B700561532 /* ModelManyManyUnidir.swift */; };
		86418C902FAB27B700561532 /* ModelOneOneBidir.swift in Sources */ = {isa = PBXBuildFile; fileRef = 86418C852FAB27B700561532 /* ModelOneOneBidir.swift */; };
		86418C912FAB27B700561532 /* ModelOneManyUnidir2.swift in Sources */ = {isa = PBXBuildFile; fileRef = 86418C872FAB27B700561532 /* ModelOneManyUnidir2.swift */; };
		86418C922FAB27B700561532 /* ModelManyManyBidir.swift in Sources */ = {isa = PBXBuildFile; fileRef = 86418C8A2FAB27B700561532 /* ModelManyManyBidir.swift */; };
		86418C932FAB27B700561532 /* Model.swift in Sources */ = {isa = PBXBuildFile; fileRef = 86418C832FAB27B700561532 /* Model.swift */; };
/* End PBXBuildFile section */

/* Begin PBXFileReference section */
		86418C6E2FAB264C00561532 /* DeleteRule.app */ = {isa = PBXFileReference; explicitFileType = wrapper.application; includeInIndex = 0; path = DeleteRule.app; sourceTree = BUILT_PRODUCTS_DIR; };
		86418C7C2FAB266200561532 /* Assets.xcassets */ = {isa = PBXFileReference; lastKnownFileType = folder.assetcatalog; path = Assets.xcassets; sourceTree = "<group>"; };
		86418C7D2FAB266200561532 /* ContentView.swift */ = {isa = PBXFileReference; lastKnownFileType = sourcecode.swift; path = ContentView.swift; sourceTree = "<group>"; };
		86418C7E2FAB266200561532 /* DeleteRuleApp.swift */ = {isa = PBXFileReference; lastKnownFileType = sourcecode.swift; path = DeleteRuleApp.swift; sourceTree = "<group>"; };
		86418C832FAB27B700561532 /* Model.swift */ = {isa = PBXFileReference; lastKnownFileType = sourcecode.swift; path = Model.swift; sourceTree = "<group>"; };
		86418C842FAB27B700561532 /* ModelOneOneUnidir.swift */ = {isa = PBXFileReference; lastKnownFileType = sourcecode.swift; path = ModelOneOneUnidir.swift; sourceTree = "<group>"; };
		86418C852FAB27B700561532 /* ModelOneOneBidir.swift */ = {isa = PBXFileReference; lastKnownFileType = sourcecode.swift; path = ModelOneOneBidir.swift; sourceTree = "<group>"; };
		86418C862FAB27B700561532 /* ModelOneManyUnidir1.swift */ = {isa = PBXFileReference; lastKnownFileType = sourcecode.swift; path = ModelOneManyUnidir1.swift; sourceTree = "<group>"; };
		86418C872FAB27B700561532 /* ModelOneManyUnidir2.swift */ = {isa = PBXFileReference; lastKnownFileType = sourcecode.swift; path = ModelOneManyUnidir2.swift; sourceTree = "<group>"; };
		86418C882FAB27B700561532 /* ModelOneManyBidir.swift */ = {isa = PBXFileReference; lastKnownFileType = sourcecode.swift; path = ModelOneManyBidir.swift; sourceTree = "<group>"; };
		86418C892FAB27B700561532 /* ModelManyManyUnidir.swift */ = {isa = PBXFileReference; lastKnownFileType = sourcecode.swift; path = ModelManyManyUnidir.swift; sourceTree = "<group>"; };
		86418C8A2FAB27B700561532 /* ModelManyManyBidir.swift */ = {isa = PBXFileReference; lastKnownFileType = sourcecode.swift; path = ModelManyManyBidir.swift; sourceTree = "<group>"; };
/* End PBXFileReference section */

/* Begin PBXFrameworksBuildPhase section */
		86418C6B2FAB264C00561532 /* Frameworks */ = {
			isa = PBXFrameworksBuildPhase;
			buildActionMask = 2147483647;
			files = (
			);
			runOnlyForDeploymentPostprocessing = 0;
		};
/* End PBXFrameworksBuildPhase section */

/* Begin PBXGroup section */
		86418C652FAB264C00561532 = {
			isa = PBXGroup;
			children = (
				86418C7F2FAB266200561532 /* DeleteRule */,
				86418C6F2FAB264C00561532 /* Products */,
			);
			sourceTree = "<group>";
		};
		86418C6F2FAB264C00561532 /* Products */ = {
			isa = PBXGroup;
			children = (
				86418C6E2FAB264C00561532 /* DeleteRule.app */,
			);
			name = Products;
			sourceTree = "<group>";
		};
		86418C7F2FAB266200561532 /* DeleteRule */ = {
			isa = PBXGroup;
			children = (
				86418C7E2FAB266200561532 /* DeleteRuleApp.swift */,
				86418C7D2FAB266200561532 /* ContentView.swift */,
				86418C8B2FAB27B700561532 /* Models */,
				86418C7C2FAB266200561532 /* Assets.xcassets */,
			);
			path = DeleteRule;
			sourceTree = "<group>";
		};
		86418C8B2FAB27B700561532 /* Models */ = {
			isa = PBXGroup;
			children = (
				86418C832FAB27B700561532 /* Model.swift */,
				86418C842FAB27B700561532 /* ModelOneOneUnidir.swift */,
				86418C852FAB27B700561532 /* ModelOneOneBidir.swift */,
				86418C862FAB27B700561532 /* ModelOneManyUnidir1.swift */,
				86418C872FAB27B700561532 /* ModelOneManyUnidir2.swift */,
				86418C882FAB27B700561532 /* ModelOneManyBidir.swift */,
				86418C892FAB27B700561532 /* ModelManyManyUnidir.swift */,
				86418C8A2FAB27B700561532 /* ModelManyManyBidir.swift */,
			);
			path = Models;
			sourceTree = "<group>";
		};
/* End PBXGroup section */

/* Begin PBXNativeTarget section */
		86418C6D2FAB264C00561532 /* DeleteRule */ = {
			isa = PBXNativeTarget;
			buildConfigurationList = 86418C792FAB264E00561532 /* Build configuration list for PBXNativeTarget "DeleteRule" */;
			buildPhases = (
				86418C6A2FAB264C00561532 /* Sources */,
				86418C6B2FAB264C00561532 /* Frameworks */,
				86418C6C2FAB264C00561532 /* Resources */,
			);
			buildRules = (
			);
			dependencies = (
			);
			name = DeleteRule;
			packageProductDependencies = (
			);
			productName = DeleteRule;
			productReference = 86418C6E2FAB264C00561532 /* DeleteRule.app */;
			productType = "com.apple.product-type.application";
		};
/* End PBXNativeTarget section */

/* Begin PBXProject section */
		86418C662FAB264C00561532 /* Project object */ = {
			isa = PBXProject;
			attributes = {
				BuildIndependentTargetsInParallel = 1;
				LastSwiftUpdateCheck = 2640;
				LastUpgradeCheck = 2640;
				TargetAttributes = {
					86418C6D2FAB264C00561532 = {
						CreatedOnToolsVersion = 26.4.1;
					};
				};
			};
			buildConfigurationList = 86418C692FAB264C00561532 /* Build configuration list for PBXProject "DeleteRule" */;
			developmentRegion = en;
			hasScannedForEncodings = 0;
			knownRegions = (
				en,
				Base,
			);
			mainGroup = 86418C652FAB264C00561532;
			minimizedProjectReferenceProxies = 1;
			preferredProjectObjectVersion = 77;
			productRefGroup = 86418C6F2FAB264C00561532 /* Products */;
			projectDirPath = "";
			projectRoot = "";
			targets = (
				86418C6D2FAB264C00561532 /* DeleteRule */,
			);
		};
/* End PBXProject section */

/* Begin PBXResourcesBuildPhase section */
		86418C6C2FAB264C00561532 /* Resources */ = {
			isa = PBXResourcesBuildPhase;
			buildActionMask = 2147483647;
			files = (
				86418C802FAB266200561532 /* Assets.xcassets in Resources */,
			);
			runOnlyForDeploymentPostprocessing = 0;
		};
/* End PBXResourcesBuildPhase section */

/* Begin PBXSourcesBuildPhase section */
		86418C6A2FAB264C00561532 /* Sources */ = {
			isa = PBXSourcesBuildPhase;
			buildActionMask = 2147483647;
			files = (
				86418C812FAB266200561532 /* ContentView.swift in Sources */,
				86418C822FAB266200561532 /* DeleteRuleApp.swift in Sources */,
				86418C8C2FAB27B700561532 /* ModelOneOneUnidir.swift in Sources */,
				86418C8D2FAB27B700561532 /* ModelOneManyUnidir1.swift in Sources */,
				86418C8E2FAB27B700561532 /* ModelOneManyBidir.swift in Sources */,
				86418C8F2FAB27B700561532 /* ModelManyManyUnidir.swift in Sources */,
				86418C902FAB27B700561532 /* ModelOneOneBidir.swift in Sources */,
				86418C912FAB27B700561532 /* ModelOneManyUnidir2.swift in Sources */,
				86418C922FAB27B700561532 /* ModelManyManyBidir.swift in Sources */,
				86418C932FAB27B700561532 /* Model.swift in Sources */,
			);
			runOnlyForDeploymentPostprocessing = 0;
		};
/* End PBXSourcesBuildPhase section */

/* Begin XCBuildConfiguration section */
		86418C772FAB264E00561532 /* Debug */ = {
			isa = XCBuildConfiguration;
			buildSettings = {
				ALWAYS_SEARCH_USER_PATHS = NO;
				ASSETCATALOG_COMPILER_GENERATE_SWIFT_ASSET_SYMBOL_EXTENSIONS = YES;
				CLANG_ANALYZER_NONNULL = YES;
				CLANG_ANALYZER_NUMBER_OBJECT_CONVERSION = YES_AGGRESSIVE;
				CLANG_CXX_LANGUAGE_STANDARD = "gnu++20";
				CLANG_ENABLE_MODULES = YES;
				CLANG_ENABLE_OBJC_ARC = YES;
				CLANG_ENABLE_OBJC_WEAK = YES;
				CLANG_WARN_BLOCK_CAPTURE_AUTORELEASING = YES;
				CLANG_WARN_BOOL_CONVERSION = YES;
				CLANG_WARN_COMMA = YES;
				CLANG_WARN_CONSTANT_CONVERSION = YES;
				CLANG_WARN_DEPRECATED_OBJC_IMPLEMENTATIONS = YES;
				CLANG_WARN_DIRECT_OBJC_ISA_USAGE = YES_ERROR;
				CLANG_WARN_DOCUMENTATION_COMMENTS = YES;
				CLANG_WARN_EMPTY_BODY = YES;
				CLANG_WARN_ENUM_CONVERSION = YES;
				CLANG_WARN_INFINITE_RECURSION = YES;
				CLANG_WARN_INT_CONVERSION = YES;
				CLANG_WARN_NON_LITERAL_NULL_CONVERSION = YES;
				CLANG_WARN_OBJC_IMPLICIT_RETAIN_SELF = YES;
				CLANG_WARN_OBJC_LITERAL_CONVERSION = YES;
				CLANG_WARN_OBJC_ROOT_CLASS = YES_ERROR;
				CLANG_WARN_QUOTED_INCLUDE_IN_FRAMEWORK_HEADER = YES;
				CLANG_WARN_RANGE_LOOP_ANALYSIS = YES;
				CLANG_WARN_STRICT_PROTOTYPES = YES;
				CLANG_WARN_SUSPICIOUS_MOVE = YES;
				CLANG_WARN_UNGUARDED_AVAILABILITY = YES_AGGRESSIVE;
				CLANG_WARN_UNREACHABLE_CODE = YES;
				CLANG_WARN__DUPLICATE_METHOD_MATCH = YES;
				COPY_PHASE_STRIP = NO;
				DEBUG_INFORMATION_FORMAT = dwarf;
				ENABLE_STRICT_OBJC_MSGSEND = YES;
				ENABLE_TESTABILITY = YES;
				ENABLE_USER_SCRIPT_SANDBOXING = YES;
				GCC_C_LANGUAGE_STANDARD = gnu17;
				GCC_DYNAMIC_NO_PIC = NO;
				GCC_NO_COMMON_BLOCKS = YES;
				GCC_OPTIMIZATION_LEVEL = 0;
				GCC_PREPROCESSOR_DEFINITIONS = (
					"DEBUG=1",
					"$(inherited)",
				);
				GCC_WARN_64_TO_32_BIT_CONVERSION = YES;
				GCC_WARN_ABOUT_RETURN_TYPE = YES_ERROR;
				GCC_WARN_UNDECLARED_SELECTOR = YES;
				GCC_WARN_UNINITIALIZED_AUTOS = YES_AGGRESSIVE;
				GCC_WARN_UNUSED_FUNCTION = YES;
				GCC_WARN_UNUSED_VARIABLE = YES;
				LOCALIZATION_PREFERS_STRING_CATALOGS = YES;
				MTL_ENABLE_DEBUG_INFO = INCLUDE_SOURCE;
				MTL_FAST_MATH = YES;
				ONLY_ACTIVE_ARCH = YES;
				SWIFT_ACTIVE_COMPILATION_CONDITIONS = "DEBUG $(inherited)";
				SWIFT_OPTIMIZATION_LEVEL = "-Onone";
			};
			name = Debug;
		};
		86418C782FAB264E00561532 /* Release */ = {
			isa = XCBuildConfiguration;
			buildSettings = {
				ALWAYS_SEARCH_USER_PATHS = NO;
				ASSETCATALOG_COMPILER_GENERATE_SWIFT_ASSET_SYMBOL_EXTENSIONS = YES;
				CLANG_ANALYZER_NONNULL = YES;
				CLANG_ANALYZER_NUMBER_OBJECT_CONVERSION = YES_AGGRESSIVE;
				CLANG_CXX_LANGUAGE_STANDARD = "gnu++20";
				CLANG_ENABLE_MODULES = YES;
				CLANG_ENABLE_OBJC_ARC = YES;
				CLANG_ENABLE_OBJC_WEAK = YES;
				CLANG_WARN_BLOCK_CAPTURE_AUTORELEASING = YES;
				CLANG_WARN_BOOL_CONVERSION = YES;
				CLANG_WARN_COMMA = YES;
				CLANG_WARN_CONSTANT_CONVERSION = YES;
				CLANG_WARN_DEPRECATED_OBJC_IMPLEMENTATIONS = YES;
				CLANG_WARN_DIRECT_OBJC_ISA_USAGE = YES_ERROR;
				CLANG_WARN_DOCUMENTATION_COMMENTS = YES;
				CLANG_WARN_EMPTY_BODY = YES;
				CLANG_WARN_ENUM_CONVERSION = YES;
				CLANG_WARN_INFINITE_RECURSION = YES;
				CLANG_WARN_INT_CONVERSION = YES;
				CLANG_WARN_NON_LITERAL_NULL_CONVERSION = YES;
				CLANG_WARN_OBJC_IMPLICIT_RETAIN_SELF = YES;
				CLANG_WARN_OBJC_LITERAL_CONVERSION = YES;
				CLANG_WARN_OBJC_ROOT_CLASS = YES_ERROR;
				CLANG_WARN_QUOTED_INCLUDE_IN_FRAMEWORK_HEADER = YES;
				CLANG_WARN_RANGE_LOOP_ANALYSIS = YES;
				CLANG_WARN_STRICT_PROTOTYPES = YES;
				CLANG_WARN_SUSPICIOUS_MOVE = YES;
				CLANG_WARN_UNGUARDED_AVAILABILITY = YES_AGGRESSIVE;
				CLANG_WARN_UNREACHABLE_CODE = YES;
				CLANG_WARN__DUPLICATE_METHOD_MATCH = YES;
				COPY_PHASE_STRIP = NO;
				DEBUG_INFORMATION_FORMAT = "dwarf-with-dsym";
				ENABLE_NS_ASSERTIONS = NO;
				ENABLE_STRICT_OBJC_MSGSEND = YES;
				ENABLE_USER_SCRIPT_SANDBOXING = YES;
				GCC_C_LANGUAGE_STANDARD = gnu17;
				GCC_NO_COMMON_BLOCKS = YES;
				GCC_WARN_64_TO_32_BIT_CONVERSION = YES;
				GCC_WARN_ABOUT_RETURN_TYPE = YES_ERROR;
				GCC_WARN_UNDECLARED_SELECTOR = YES;
				GCC_WARN_UNINITIALIZED_AUTOS = YES_AGGRESSIVE;
				GCC_WARN_UNUSED_FUNCTION = YES;
				GCC_WARN_UNUSED_VARIABLE = YES;
				LOCALIZATION_PREFERS_STRING_CATALOGS = YES;
				MTL_ENABLE_DEBUG_INFO = NO;
				MTL_FAST_MATH = YES;
				SWIFT_COMPILATION_MODE = wholemodule;
			};
			name = Release;
		};
		86418C7A2FAB264E00561532 /* Debug */ = {
			isa = XCBuildConfiguration;
			buildSettings = {
				ASSETCATALOG_COMPILER_APPICON_NAME = AppIcon;
				ASSETCATALOG_COMPILER_GLOBAL_ACCENT_COLOR_NAME = AccentColor;
				CODE_SIGN_STYLE = Automatic;
				CURRENT_PROJECT_VERSION = 1;
				ENABLE_APP_SANDBOX = YES;
				ENABLE_PREVIEWS = YES;
				ENABLE_USER_SELECTED_FILES = readonly;
				GENERATE_INFOPLIST_FILE = YES;
				"INFOPLIST_KEY_UIApplicationSceneManifest_Generation[sdk=iphoneos*]" = YES;
				"INFOPLIST_KEY_UIApplicationSceneManifest_Generation[sdk=iphonesimulator*]" = YES;
				"INFOPLIST_KEY_UIApplicationSupportsIndirectInputEvents[sdk=iphoneos*]" = YES;
				"INFOPLIST_KEY_UIApplicationSupportsIndirectInputEvents[sdk=iphonesimulator*]" = YES;
				"INFOPLIST_KEY_UILaunchScreen_Generation[sdk=iphoneos*]" = YES;
				"INFOPLIST_KEY_UILaunchScreen_Generation[sdk=iphonesimulator*]" = YES;
				"INFOPLIST_KEY_UIStatusBarStyle[sdk=iphoneos*]" = UIStatusBarStyleDefault;
				"INFOPLIST_KEY_UIStatusBarStyle[sdk=iphonesimulator*]" = UIStatusBarStyleDefault;
				INFOPLIST_KEY_UISupportedInterfaceOrientations = UIInterfaceOrientationPortrait;
				INFOPLIST_KEY_UISupportedInterfaceOrientations_iPad = "UIInterfaceOrientationLandscapeLeft UIInterfaceOrientationLandscapeRight UIInterfaceOrientationPortrait UIInterfaceOrientationPortraitUpsideDown";
				IPHONEOS_DEPLOYMENT_TARGET = 17.5;
				LD_RUNPATH_SEARCH_PATHS = "@executable_path/Frameworks";
				"LD_RUNPATH_SEARCH_PATHS[sdk=macosx*]" = "@executable_path/../Frameworks";
				MACOSX_DEPLOYMENT_TARGET = 15.6;
				MARKETING_VERSION = 1.0.0;
				PRODUCT_BUNDLE_IDENTIFIER = jp.samekard.DeleteRule;
				PRODUCT_NAME = "$(TARGET_NAME)";
				REGISTER_APP_GROUPS = YES;
				SDKROOT = auto;
				STRING_CATALOG_GENERATE_SYMBOLS = YES;
				SUPPORTED_PLATFORMS = "iphoneos iphonesimulator macosx xros xrsimulator";
				SWIFT_APPROACHABLE_CONCURRENCY = YES;
				SWIFT_DEFAULT_ACTOR_ISOLATION = MainActor;
				SWIFT_EMIT_LOC_STRINGS = YES;
				SWIFT_UPCOMING_FEATURE_MEMBER_IMPORT_VISIBILITY = YES;
				SWIFT_VERSION = 5.0;
				TARGETED_DEVICE_FAMILY = "1,2,7";
				XROS_DEPLOYMENT_TARGET = 26.4;
			};
			name = Debug;
		};
		86418C7B2FAB264E00561532 /* Release */ = {
			isa = XCBuildConfiguration;
			buildSettings = {
				ASSETCATALOG_COMPILER_APPICON_NAME = AppIcon;
				ASSETCATALOG_COMPILER_GLOBAL_ACCENT_COLOR_NAME = AccentColor;
				CODE_SIGN_STYLE = Automatic;
				CURRENT_PROJECT_VERSION = 1;
				ENABLE_APP_SANDBOX = YES;
				ENABLE_PREVIEWS = YES;
				ENABLE_USER_SELECTED_FILES = readonly;
				GENERATE_INFOPLIST_FILE = YES;
				"INFOPLIST_KEY_UIApplicationSceneManifest_Generation[sdk=iphoneos*]" = YES;
				"INFOPLIST_KEY_UIApplicationSceneManifest_Generation[sdk=iphonesimulator*]" = YES;
				"INFOPLIST_KEY_UIApplicationSupportsIndirectInputEvents[sdk=iphoneos*]" = YES;
				"INFOPLIST_KEY_UIApplicationSupportsIndirectInputEvents[sdk=iphonesimulator*]" = YES;
				"INFOPLIST_KEY_UILaunchScreen_Generation[sdk=iphoneos*]" = YES;
				"INFOPLIST_KEY_UILaunchScreen_Generation[sdk=iphonesimulator*]" = YES;
				"INFOPLIST_KEY_UIStatusBarStyle[sdk=iphoneos*]" = UIStatusBarStyleDefault;
				"INFOPLIST_KEY_UIStatusBarStyle[sdk=iphonesimulator*]" = UIStatusBarStyleDefault;
				INFOPLIST_KEY_UISupportedInterfaceOrientations = UIInterfaceOrientationPortrait;
				INFOPLIST_KEY_UISupportedInterfaceOrientations_iPad = "UIInterfaceOrientationLandscapeLeft UIInterfaceOrientationLandscapeRight UIInterfaceOrientationPortrait UIInterfaceOrientationPortraitUpsideDown";
				IPHONEOS_DEPLOYMENT_TARGET = 17.5;
				LD_RUNPATH_SEARCH_PATHS = "@executable_path/Frameworks";
				"LD_RUNPATH_SEARCH_PATHS[sdk=macosx*]" = "@executable_path/../Frameworks";
				MACOSX_DEPLOYMENT_TARGET = 15.6;
				MARKETING_VERSION = 1.0.0;
				PRODUCT_BUNDLE_IDENTIFIER = jp.samekard.DeleteRule;
				PRODUCT_NAME = "$(TARGET_NAME)";
				REGISTER_APP_GROUPS = YES;
				SDKROOT = auto;
				STRING_CATALOG_GENERATE_SYMBOLS = YES;
				SUPPORTED_PLATFORMS = "iphoneos iphonesimulator macosx xros xrsimulator";
				SWIFT_APPROACHABLE_CONCURRENCY = YES;
				SWIFT_DEFAULT_ACTOR_ISOLATION = MainActor;
				SWIFT_EMIT_LOC_STRINGS = YES;
				SWIFT_UPCOMING_FEATURE_MEMBER_IMPORT_VISIBILITY = YES;
				SWIFT_VERSION = 5.0;
				TARGETED_DEVICE_FAMILY = "1,2,7";
				XROS_DEPLOYMENT_TARGET = 26.4;
			};
			name = Release;
		};
/* End XCBuildConfiguration section */

/* Begin XCConfigurationList section */
		86418C692FAB264C00561532 /* Build configuration list for PBXProject "DeleteRule" */ = {
			isa = XCConfigurationList;
			buildConfigurations = (
				86418C772FAB264E00561532 /* Debug */,
				86418C782FAB264E00561532 /* Release */,
			);
			defaultConfigurationIsVisible = 0;
			defaultConfigurationName = Release;
		};
		86418C792FAB264E00561532 /* Build configuration list for PBXNativeTarget "DeleteRule" */ = {
			isa = XCConfigurationList;
			buildConfigurations = (
				86418C7A2FAB264E00561532 /* Debug */,
				86418C7B2FAB264E00561532 /* Release */,
			);
			defaultConfigurationIsVisible = 0;
			defaultConfigurationName = Release;
		};
/* End XCConfigurationList section */
	};
	rootObject = 86418C662FAB264C00561532 /* Project object */;
}
